
Microsoft Visual Studio Solution File, Format Version 12.00
# Visual Studio Version 17
VisualStudioVersion = 17.2.32630.192
MinimumVisualStudioVersion = 10.0.40219.1
Project("{9A19103F-16F7-4668-BE54-9A1E7A4F7556}") = "ClassRoomMvc", "ClassRoomMvc\ClassRoomMvc.csproj", "{7288E068-A4C7-43AC-A4D6-D0C1F2E21644}"
EndProject
Project("{FAE04EC0-301F-11D3-BF4B-00C04F79EFBC}") = "EntitiesDb", "EntitiesDb\EntitiesDb.csproj", "{9BE23709-FB6F-461C-A21B-C6D402FF8973}"
EndProject
Global
	GlobalSection(SolutionConfigurationPlatforms) = preSolution
		Debug|Any CPU = Debug|Any CPU
		Release|Any CPU = Release|Any CPU
	EndGlobalSection
	GlobalSection(ProjectConfigurationPlatforms) = postSolution
		{7288E068-A4C7-43AC-A4D6-D0C1F2E21644}.Debug|Any CPU.ActiveCfg = Debug|Any CPU
		{7288E068-A4C7-43AC-A4D6-D0C1F2E21644}.Debug|Any CPU.Build.0 = Debug|Any CPU
		{7288E068-A4C7-43AC-A4D6-D0C1F2E21644}.Release|Any CPU.ActiveCfg = Release|Any CPU
		{7288E068-A4C7-43AC-A4D6-D0C1F2E21644}.Release|Any CPU.Build.0 = Release|Any CPU
		{9BE23709-FB6F-461C-A21B-C6D402FF8973}.Debug|Any CPU.ActiveCfg = Debug|Any CPU
		{9BE23709-FB6F-461C-A21B-C6D402FF8973}.Debug|Any CPU.Build.0 = Debug|Any CPU
		{9BE23709-FB6F-461C-A21B-C6D402FF8973}.Release|Any CPU.ActiveCfg = Release|Any CPU
		{9BE23709-FB6F-461C-A21B-C6D402FF8973}.Release|Any CPU.Build.0 = Release|Any CPU
	EndGlobalSection
	GlobalSection(SolutionProperties) = preSolution
		HideSolutionNode = FALSE
	EndGlobalSection
	GlobalSection(ExtensibilityGlobals) = postSolution
		SolutionGuid = {A05A84C4-08EE-4632-94E1-B47BDA5323A8}
	EndGlobalSection
EndGlobal
